
Microsoft Visual Studio Solution File, Format Version 12.00
# Visual Studio Version 16
VisualStudioVersion = 16.0.30011.22
MinimumVisualStudioVersion = 10.0.40219.1
Project("{FAE04EC0-301F-11D3-BF4B-00C04F79EFBC}") = "SuperHero", "SuperHero\SuperHero.csproj", "{BE6E486E-A3C8-432E-889E-D46B147CAE13}"
EndProject
Global
	GlobalSection(SolutionConfigurationPlatforms) = preSolution
		Debug|Any CPU = Debug|Any CPU
		Release|Any CPU = Release|Any CPU
	EndGlobalSection
	GlobalSection(ProjectConfigurationPlatforms) = postSolution
		{BE6E486E-A3C8-432E-889E-D46B147CAE13}.Debug|Any CPU.ActiveCfg = Debug|Any CPU
		{BE6E486E-A3C8-432E-889E-D46B147CAE13}.Debug|Any CPU.Build.0 = Debug|Any CPU
		{BE6E486E-A3C8-432E-889E-D46B147CAE13}.Release|Any CPU.ActiveCfg = Release|Any CPU
		{BE6E486E-A3C8-432E-889E-D46B147CAE13}.Release|Any CPU.Build.0 = Release|Any CPU
	EndGlobalSection
	GlobalSection(SolutionProperties) = preSolution
		HideSolutionNode = FALSE
	EndGlobalSection
	GlobalSection(ExtensibilityGlobals) = postSolution
		SolutionGuid = {D0F3E6C3-0A78-44F4-A965-6905D6C51937}
	EndGlobalSection
EndGlobal
